
Microsoft Visual Studio Solution File, Format Version 12.00
# Visual Studio Version 17
VisualStudioVersion = 17.3.32929.385
MinimumVisualStudioVersion = 10.0.40219.1
Project("{FAE04EC0-301F-11D3-BF4B-00C04F79EFBC}") = "Exercice02", "Exercice02\Exercice02.csproj", "{280F7415-880D-4CBA-A0BE-DCB5CF143C5D}"
EndProject
Global
	GlobalSection(SolutionConfigurationPlatforms) = preSolution
		Debug|Any CPU = Debug|Any CPU
		Release|Any CPU = Release|Any CPU
	EndGlobalSection
	GlobalSection(ProjectConfigurationPlatforms) = postSolution
		{280F7415-880D-4CBA-A0BE-DCB5CF143C5D}.Debug|Any CPU.ActiveCfg = Debug|Any CPU
		{280F7415-880D-4CBA-A0BE-DCB5CF143C5D}.Debug|Any CPU.Build.0 = Debug|Any CPU
		{280F7415-880D-4CBA-A0BE-DCB5CF143C5D}.Release|Any CPU.ActiveCfg = Release|Any CPU
		{280F7415-880D-4CBA-A0BE-DCB5CF143C5D}.Release|Any CPU.Build.0 = Release|Any CPU
	EndGlobalSection
	GlobalSection(SolutionProperties) = preSolution
		HideSolutionNode = FALSE
	EndGlobalSection
	GlobalSection(ExtensibilityGlobals) = postSolution
		SolutionGuid = {F946EC1C-27B8-412E-AB4D-7D777DB2FE19}
	EndGlobalSection
EndGlobal
